[[package]]
name = "certifi"
version = "2023.11.17"
description = "Python package for providing Mozilla's CA Bundle."
category = "main"
optional = false
python-versions = ">=3.6"

[[package]]
name = "elastic-transport"
version = "8.10.0"
description = "Transport classes and utilities shared among Python Elastic client libraries"
category = "main"
optional = false
python-versions = ">=3.6"

[package.dependencies]
certifi = "*"
urllib3 = ">=1.26.2,<3"

[package.extras]
develop = ["aiohttp", "furo", "mock", "pytest", "pytest-asyncio", "pytest-cov", "pytest-httpserver", "pytest-mock", "requests", "sphinx (>2)", "sphinx-autodoc-typehints", "trustme"]

[[package]]
name = "elasticsearch"
version = "8.11.0"
description = "Python client for Elasticsearch"
category = "main"
optional = false
python-versions = ">=3.6"

[package.dependencies]
elastic-transport = ">=8,<9"

[package.extras]
async = ["aiohttp (>=3,<4)"]
requests = ["requests (>=2.4.0,<3.0.0)"]

[[package]]
name = "elasticsearch-dsl"
version = "8.11.0"
description = "Python client for Elasticsearch"
category = "main"
optional = false
python-versions = ">=3.7"

[package.dependencies]
elasticsearch = ">=8.0.0,<9.0.0"
python-dateutil = "*"

[package.extras]
develop = ["coverage", "pytest", "pytest-cov", "pytest-mock", "pytz", "sphinx (>2)", "sphinx-rtd-theme (>0.5)"]

[[package]]
name = "python-dateutil"
version = "2.8.2"
description = "Extensions to the standard Python datetime module"
category = "main"
optional = false
python-versions = "!=3.0.*,!=3.1.*,!=3.2.*,>=2.7"

[package.dependencies]
six = ">=1.5"

[[package]]
name = "six"
version = "1.16.0"
description = "Python 2 and 3 compatibility utilities"
category = "main"
optional = false
python-versions = ">=2.7, !=3.0.*, !=3.1.*, !=3.2.*"

[[package]]
name = "urllib3"
version = "2.1.0"
description = "HTTP library with thread-safe connection pooling, file post, and more."
category = "main"
optional = false
python-versions = ">=3.8"

[package.extras]
brotli = ["brotli (>=1.0.9)", "brotlicffi (>=0.8.0)"]
socks = ["pysocks (>=1.5.6,!=1.5.7,<2.0)"]
zstd = ["zstandard (>=0.18.0)"]

[metadata]
lock-version = "1.1"
python-versions = "3.11.6"
content-hash = "745c85e6af8f5935f4b156dba78a07c3c0d61d1e268c5e3ed21c2cbbb38fa4b6"

[metadata.files]
certifi = [
    {file = "certifi-2023.11.17-py3-none-any.whl", hash = "sha256:e036ab49d5b79556f99cfc2d9320b34cfbe5be05c5871b51de9329f0603b0474"},
    {file = "certifi-2023.11.17.tar.gz", hash = "sha256:9b469f3a900bf28dc19b8cfbf8019bf47f7fdd1a65a1d4ffb98fc14166beb4d1"},
]
elastic-transport = [
    {file = "elastic-transport-8.10.0.tar.gz", hash = "sha256:ca51d08a4d16611701a57fb70592dbc7cb68c40fef4ac1becfe4aea100fe82ef"},
    {file = "elastic_transport-8.10.0-py3-none-any.whl", hash = "sha256:e73ac3c7ad4e9209436207143d797d3f6b62a399a34d2729e069e44c9ea2cadc"},
]
elasticsearch = [
    {file = "elasticsearch-8.11.0-py3-none-any.whl", hash = "sha256:26b72957ee617c9f0b23ac872e1c133cf9d7f5d439c615daaa11016265da36ab"},
    {file = "elasticsearch-8.11.0.tar.gz", hash = "sha256:9e08413beaff3a46bc10c6c57069a84704df6aaa93085c737df07f58a2811b78"},
]
elasticsearch-dsl = [
    {file = "elasticsearch-dsl-8.11.0.tar.gz", hash = "sha256:44af4fd7f62009bb19193b55e1c2143b6932517e4c0ec30107e7ff4d968a127e"},
    {file = "elasticsearch_dsl-8.11.0-py3-none-any.whl", hash = "sha256:61000f8ff5e9633d3381aea5a6dfba5c9c4505fe2e6c5cba6a17cd7debc890d9"},
]
python-dateutil = [
    {file = "python-dateutil-2.8.2.tar.gz", hash = "sha256:0123cacc1627ae19ddf3c27a5de5bd67ee4586fbdd6440d9748f8abb483d3e86"},
    {file = "python_dateutil-2.8.2-py2.py3-none-any.whl", hash = "sha256:961d03dc3453ebbc59dbdea9e4e11c5651520a876d0f4db161e8674aae935da9"},
]
six = [
    {file = "six-1.16.0-py2.py3-none-any.whl", hash = "sha256:8abb2f1d86890a2dfb989f9a77cfcfd3e47c2a354b01111771326f8aa26e0254"},
    {file = "six-1.16.0.tar.gz", hash = "sha256:1e61c37477a1626458e36f7b1d82aa5c9b094fa4802892072e49de9c60c4c926"},
]
urllib3 = [
    {file = "urllib3-2.1.0-py3-none-any.whl", hash = "sha256:55901e917a5896a349ff771be919f8bd99aff50b79fe58fec595eb37bbc56bb3"},
    {file = "urllib3-2.1.0.tar.gz", hash = "sha256:df7aa8afb0148fa78488e7899b2c59b5f4ffcfa82e6c54ccb9dd37c1d7b52d54"},
]
